
Microsoft Visual Studio Solution File, Format Version 12.00
# Visual Studio Version 17
VisualStudioVersion = 17.3.32922.545
MinimumVisualStudioVersion = 10.0.40219.1
Project("{FAE04EC0-301F-11D3-BF4B-00C04F79EFBC}") = "CustomerLibrary", "CustomerLibrary\CustomerLibrary.csproj", "{0EBD2551-644E-4773-88C4-E79D01A0CA55}"
EndProject
Project("{FAE04EC0-301F-11D3-BF4B-00C04F79EFBC}") = "CustomerApi", "CustomerApi\CustomerApi.csproj", "{19888141-BD71-4987-B475-BC6A47EE8AB7}"
EndProject
Global
	GlobalSection(SolutionConfigurationPlatforms) = preSolution
		Debug|Any CPU = Debug|Any CPU
		Release|Any CPU = Release|Any CPU
	EndGlobalSection
	GlobalSection(ProjectConfigurationPlatforms) = postSolution
		{0EBD2551-644E-4773-88C4-E79D01A0CA55}.Debug|Any CPU.ActiveCfg = Debug|Any CPU
		{0EBD2551-644E-4773-88C4-E79D01A0CA55}.Debug|Any CPU.Build.0 = Debug|Any CPU
		{0EBD2551-644E-4773-88C4-E79D01A0CA55}.Release|Any CPU.ActiveCfg = Release|Any CPU
		{0EBD2551-644E-4773-88C4-E79D01A0CA55}.Release|Any CPU.Build.0 = Release|Any CPU
		{19888141-BD71-4987-B475-BC6A47EE8AB7}.Debug|Any CPU.ActiveCfg = Debug|Any CPU
		{19888141-BD71-4987-B475-BC6A47EE8AB7}.Debug|Any CPU.Build.0 = Debug|Any CPU
		{19888141-BD71-4987-B475-BC6A47EE8AB7}.Release|Any CPU.ActiveCfg = Release|Any CPU
		{19888141-BD71-4987-B475-BC6A47EE8AB7}.Release|Any CPU.Build.0 = Release|Any CPU
	EndGlobalSection
	GlobalSection(SolutionProperties) = preSolution
		HideSolutionNode = FALSE
	EndGlobalSection
	GlobalSection(ExtensibilityGlobals) = postSolution
		SolutionGuid = {59129928-9D31-43BD-894A-AEF180FB9A60}
	EndGlobalSection
EndGlobal
